
Microsoft Visual Studio Solution File, Format Version 12.00
# Visual Studio Version 17
VisualStudioVersion = 17.0.31903.59
MinimumVisualStudioVersion = 10.0.40219.1
Project("{FAE04EC0-301F-11D3-BF4B-00C04F79EFBC}") = "Nettrace.Tests", "Nettrace.Tests\Nettrace.Tests.csproj", "{4D57E65C-0BA8-447A-A5B1-625ABFACF43A}"
EndProject
Project("{FAE04EC0-301F-11D3-BF4B-00C04F79EFBC}") = "Nettrace", "Nettrace\Nettrace.csproj", "{30AA856C-C8F1-47E3-A2D6-F7DD6E513B91}"
EndProject
Project("{FAE04EC0-301F-11D3-BF4B-00C04F79EFBC}") = "profileme", "profileme\profileme.csproj", "{308A133D-9802-4419-9264-700D3D8CA025}"
EndProject
Global
	GlobalSection(SolutionConfigurationPlatforms) = preSolution
		Debug|Any CPU = Debug|Any CPU
		Release|Any CPU = Release|Any CPU
	EndGlobalSection
	GlobalSection(SolutionProperties) = preSolution
		HideSolutionNode = FALSE
	EndGlobalSection
	GlobalSection(ProjectConfigurationPlatforms) = postSolution
		{4D57E65C-0BA8-447A-A5B1-625ABFACF43A}.Debug|Any CPU.ActiveCfg = Debug|Any CPU
		{4D57E65C-0BA8-447A-A5B1-625ABFACF43A}.Debug|Any CPU.Build.0 = Debug|Any CPU
		{4D57E65C-0BA8-447A-A5B1-625ABFACF43A}.Release|Any CPU.ActiveCfg = Release|Any CPU
		{4D57E65C-0BA8-447A-A5B1-625ABFACF43A}.Release|Any CPU.Build.0 = Release|Any CPU
		{30AA856C-C8F1-47E3-A2D6-F7DD6E513B91}.Debug|Any CPU.ActiveCfg = Debug|Any CPU
		{30AA856C-C8F1-47E3-A2D6-F7DD6E513B91}.Debug|Any CPU.Build.0 = Debug|Any CPU
		{30AA856C-C8F1-47E3-A2D6-F7DD6E513B91}.Release|Any CPU.ActiveCfg = Release|Any CPU
		{30AA856C-C8F1-47E3-A2D6-F7DD6E513B91}.Release|Any CPU.Build.0 = Release|Any CPU
		{308A133D-9802-4419-9264-700D3D8CA025}.Debug|Any CPU.ActiveCfg = Debug|Any CPU
		{308A133D-9802-4419-9264-700D3D8CA025}.Debug|Any CPU.Build.0 = Debug|Any CPU
		{308A133D-9802-4419-9264-700D3D8CA025}.Release|Any CPU.ActiveCfg = Release|Any CPU
		{308A133D-9802-4419-9264-700D3D8CA025}.Release|Any CPU.Build.0 = Release|Any CPU
	EndGlobalSection
EndGlobal
