
Microsoft Visual Studio Solution File, Format Version 12.00
# Visual Studio Version 17
VisualStudioVersion = 17.0.31903.59
MinimumVisualStudioVersion = 10.0.40219.1
Project("{FAE04EC0-301F-11D3-BF4B-00C04F79EFBC}") = "nettrace", "nettrace.csproj", "{D6200B88-E72F-4986-B3EF-89AD301AB041}"
EndProject
Project("{FAE04EC0-301F-11D3-BF4B-00C04F79EFBC}") = "Nettrace.Tests", "Nettrace.Tests\Nettrace.Tests.csproj", "{C0E63386-51E7-4E5C-B8D5-0C247C43C7A3}"
EndProject
Global
	GlobalSection(SolutionConfigurationPlatforms) = preSolution
		Debug|Any CPU = Debug|Any CPU
		Release|Any CPU = Release|Any CPU
	EndGlobalSection
	GlobalSection(SolutionProperties) = preSolution
		HideSolutionNode = FALSE
	EndGlobalSection
	GlobalSection(ProjectConfigurationPlatforms) = postSolution
		{D6200B88-E72F-4986-B3EF-89AD301AB041}.Debug|Any CPU.ActiveCfg = Debug|Any CPU
		{D6200B88-E72F-4986-B3EF-89AD301AB041}.Debug|Any CPU.Build.0 = Debug|Any CPU
		{D6200B88-E72F-4986-B3EF-89AD301AB041}.Release|Any CPU.ActiveCfg = Release|Any CPU
		{D6200B88-E72F-4986-B3EF-89AD301AB041}.Release|Any CPU.Build.0 = Release|Any CPU
		{C0E63386-51E7-4E5C-B8D5-0C247C43C7A3}.Debug|Any CPU.ActiveCfg = Debug|Any CPU
		{C0E63386-51E7-4E5C-B8D5-0C247C43C7A3}.Debug|Any CPU.Build.0 = Debug|Any CPU
		{C0E63386-51E7-4E5C-B8D5-0C247C43C7A3}.Release|Any CPU.ActiveCfg = Release|Any CPU
		{C0E63386-51E7-4E5C-B8D5-0C247C43C7A3}.Release|Any CPU.Build.0 = Release|Any CPU
	EndGlobalSection
EndGlobal
